// !$*UTF8*$!
{
	archiveVersion = 1;
	classes = {
	};
	objectVersion = 56;
	objects = {

/* Begin PBXBuildFile section */
		D87C4FDF2C055D2A000933A2 /* AppDelegate.swift in Sources */ = {isa = PBXBuildFile; fileRef = D87C4FDE2C055D2A000933A2 /* AppDelegate.swift */; };
		D87C4FE12C055D2A000933A2 /* SceneDelegate.swift in Sources */ = {isa = PBXBuildFile; fileRef = D87C4FE02C055D2A000933A2 /* SceneDelegate.swift */; };
		D87C4FE32C055D2A000933A2 /* RMTabBarController.swift in Sources */ = {isa = PBXBuildFile; fileRef = D87C4FE22C055D2A000933A2 /* RMTabBarController.swift */; };
		D87C4FE82C055D2B000933A2 /* Assets.xcassets in Resources */ = {isa = PBXBuildFile; fileRef = D87C4FE72C055D2B000933A2 /* Assets.xcassets */; };
		D87C4FEB2C055D2B000933A2 /* Base in Resources */ = {isa = PBXBuildFile; fileRef = D87C4FEA2C055D2B000933A2 /* Base */; };
		D87C4FFA2C056337000933A2 /* RMLocation.swift in Sources */ = {isa = PBXBuildFile; fileRef = D87C4FF92C056337000933A2 /* RMLocation.swift */; };
		D87C4FFC2C05635E000933A2 /* RMCharacter.swift in Sources */ = {isa = PBXBuildFile; fileRef = D87C4FFB2C05635E000933A2 /* RMCharacter.swift */; };
		D87C4FFE2C05636E000933A2 /* RMEpisode.swift in Sources */ = {isa = PBXBuildFile; fileRef = D87C4FFD2C05636E000933A2 /* RMEpisode.swift */; };
		D87C50012C05645E000933A2 /* RMCharacterViewController.swift in Sources */ = {isa = PBXBuildFile; fileRef = D87C50002C05645E000933A2 /* RMCharacterViewController.swift */; };
		D87C50032C056482000933A2 /* RMLocationViewController.swift in Sources */ = {isa = PBXBuildFile; fileRef = D87C50022C056482000933A2 /* RMLocationViewController.swift */; };
		D87C50052C056494000933A2 /* RMEpisodeViewController.swift in Sources */ = {isa = PBXBuildFile; fileRef = D87C50042C056494000933A2 /* RMEpisodeViewController.swift */; };
		D87C50072C0564A4000933A2 /* RMSettingsViewController.swift in Sources */ = {isa = PBXBuildFile; fileRef = D87C50062C0564A4000933A2 /* RMSettingsViewController.swift */; };
/* End PBXBuildFile section */

/* Begin PBXFileReference section */
		D87C4FDB2C055D2A000933A2 /* RickAndMorty.app */ = {isa = PBXFileReference; explicitFileType = wrapper.application; includeInIndex = 0; path = RickAndMorty.app; sourceTree = BUILT_PRODUCTS_DIR; };
		D87C4FDE2C055D2A000933A2 /* AppDelegate.swift */ = {isa = PBXFileReference; lastKnownFileType = sourcecode.swift; path = AppDelegate.swift; sourceTree = "<group>"; };
		D87C4FE02C055D2A000933A2 /* SceneDelegate.swift */ = {isa = PBXFileReference; lastKnownFileType = sourcecode.swift; path = SceneDelegate.swift; sourceTree = "<group>"; };
		D87C4FE22C055D2A000933A2 /* RMTabBarController.swift */ = {isa = PBXFileReference; lastKnownFileType = sourcecode.swift; path = RMTabBarController.swift; sourceTree = "<group>"; };
		D87C4FE72C055D2B000933A2 /* Assets.xcassets */ = {isa = PBXFileReference; lastKnownFileType = folder.assetcatalog; path = Assets.xcassets; sourceTree = "<group>"; };
		D87C4FEA2C055D2B000933A2 /* Base */ = {isa = PBXFileReference; lastKnownFileType = file.storyboard; name = Base; path = Base.lproj/LaunchScreen.storyboard; sourceTree = "<group>"; };
		D87C4FEC2C055D2B000933A2 /* Info.plist */ = {isa = PBXFileReference; lastKnownFileType = text.plist.xml; path = Info.plist; sourceTree = "<group>"; };
		D87C4FF92C056337000933A2 /* RMLocation.swift */ = {isa = PBXFileReference; lastKnownFileType = sourcecode.swift; path = RMLocation.swift; sourceTree = "<group>"; };
		D87C4FFB2C05635E000933A2 /* RMCharacter.swift */ = {isa = PBXFileReference; lastKnownFileType = sourcecode.swift; path = RMCharacter.swift; sourceTree = "<group>"; };
		D87C4FFD2C05636E000933A2 /* RMEpisode.swift */ = {isa = PBXFileReference; lastKnownFileType = sourcecode.swift; path = RMEpisode.swift; sourceTree = "<group>"; };
		D87C50002C05645E000933A2 /* RMCharacterViewController.swift */ = {isa = PBXFileReference; lastKnownFileType = sourcecode.swift; path = RMCharacterViewController.swift; sourceTree = "<group>"; };
		D87C50022C056482000933A2 /* RMLocationViewController.swift */ = {isa = PBXFileReference; lastKnownFileType = sourcecode.swift; path = RMLocationViewController.swift; sourceTree = "<group>"; };
		D87C50042C056494000933A2 /* RMEpisodeViewController.swift */ = {isa = PBXFileReference; lastKnownFileType = sourcecode.swift; path = RMEpisodeViewController.swift; sourceTree = "<group>"; };
		D87C50062C0564A4000933A2 /* RMSettingsViewController.swift */ = {isa = PBXFileReference; lastKnownFileType = sourcecode.swift; path = RMSettingsViewController.swift; sourceTree = "<group>"; };
/* End PBXFileReference section */

/* Begin PBXFrameworksBuildPhase section */
		D87C4FD82C055D2A000933A2 /* Frameworks */ = {
			isa = PBXFrameworksBuildPhase;
			buildActionMask = 2147483647;
			files = (
			);
			runOnlyForDeploymentPostprocessing = 0;
		};
/* End PBXFrameworksBuildPhase section */

/* Begin PBXGroup section */
		D87C4FD22C055D2A000933A2 = {
			isa = PBXGroup;
			children = (
				D87C4FDD2C055D2A000933A2 /* RickAndMorty */,
				D87C4FDC2C055D2A000933A2 /* Products */,
			);
			sourceTree = "<group>";
		};
		D87C4FDC2C055D2A000933A2 /* Products */ = {
			isa = PBXGroup;
			children = (
				D87C4FDB2C055D2A000933A2 /* RickAndMorty.app */,
			);
			name = Products;
			sourceTree = "<group>";
		};
		D87C4FDD2C055D2A000933A2 /* RickAndMorty */ = {
			isa = PBXGroup;
			children = (
				D87C4FF82C056245000933A2 /* Resources */,
				D87C4FF72C05622B000933A2 /* APIClient */,
				D87C4FF62C05621D000933A2 /* Managers */,
				D87C4FF52C0561F6000933A2 /* ViewModels */,
				D87C4FF42C0561F0000933A2 /* Views */,
				D87C4FF32C0561E8000933A2 /* Models */,
				D87C4FF22C0561D1000933A2 /* Controllers */,
				D87C4FEC2C055D2B000933A2 /* Info.plist */,
			);
			path = RickAndMorty;
			sourceTree = "<group>";
		};
		D87C4FF22C0561D1000933A2 /* Controllers */ = {
			isa = PBXGroup;
			children = (
				D87C4FFF2C056418000933A2 /* Core */,
			);
			path = Controllers;
			sourceTree = "<group>";
		};
		D87C4FF32C0561E8000933A2 /* Models */ = {
			isa = PBXGroup;
			children = (
				D87C4FF92C056337000933A2 /* RMLocation.swift */,
				D87C4FFB2C05635E000933A2 /* RMCharacter.swift */,
				D87C4FFD2C05636E000933A2 /* RMEpisode.swift */,
			);
			path = Models;
			sourceTree = "<group>";
		};
		D87C4FF42C0561F0000933A2 /* Views */ = {
			isa = PBXGroup;
			children = (
			);
			path = Views;
			sourceTree = "<group>";
		};
		D87C4FF52C0561F6000933A2 /* ViewModels */ = {
			isa = PBXGroup;
			children = (
			);
			path = ViewModels;
			sourceTree = "<group>";
		};
		D87C4FF62C05621D000933A2 /* Managers */ = {
			isa = PBXGroup;
			children = (
			);
			path = Managers;
			sourceTree = "<group>";
		};
		D87C4FF72C05622B000933A2 /* APIClient */ = {
			isa = PBXGroup;
			children = (
			);
			path = APIClient;
			sourceTree = "<group>";
		};
		D87C4FF82C056245000933A2 /* Resources */ = {
			isa = PBXGroup;
			children = (
				D87C4FE72C055D2B000933A2 /* Assets.xcassets */,
				D87C4FE92C055D2B000933A2 /* LaunchScreen.storyboard */,
				D87C4FDE2C055D2A000933A2 /* AppDelegate.swift */,
				D87C4FE02C055D2A000933A2 /* SceneDelegate.swift */,
			);
			path = Resources;
			sourceTree = "<group>";
		};
		D87C4FFF2C056418000933A2 /* Core */ = {
			isa = PBXGroup;
			children = (
				D87C4FE22C055D2A000933A2 /* RMTabBarController.swift */,
				D87C50002C05645E000933A2 /* RMCharacterViewController.swift */,
				D87C50022C056482000933A2 /* RMLocationViewController.swift */,
				D87C50042C056494000933A2 /* RMEpisodeViewController.swift */,
				D87C50062C0564A4000933A2 /* RMSettingsViewController.swift */,
			);
			path = Core;
			sourceTree = "<group>";
		};
/* End PBXGroup section */

/* Begin PBXNativeTarget section */
		D87C4FDA2C055D2A000933A2 /* RickAndMorty */ = {
			isa = PBXNativeTarget;
			buildConfigurationList = D87C4FEF2C055D2B000933A2 /* Build configuration list for PBXNativeTarget "RickAndMorty" */;
			buildPhases = (
				D87C4FD72C055D2A000933A2 /* Sources */,
				D87C4FD82C055D2A000933A2 /* Frameworks */,
				D87C4FD92C055D2A000933A2 /* Resources */,
			);
			buildRules = (
			);
			dependencies = (
			);
			name = RickAndMorty;
			productName = RickAndMorty;
			productReference = D87C4FDB2C055D2A000933A2 /* RickAndMorty.app */;
			productType = "com.apple.product-type.application";
		};
/* End PBXNativeTarget section */

/* Begin PBXProject section */
		D87C4FD32C055D2A000933A2 /* Project object */ = {
			isa = PBXProject;
			attributes = {
				BuildIndependentTargetsInParallel = 1;
				LastSwiftUpdateCheck = 1540;
				LastUpgradeCheck = 1540;
				TargetAttributes = {
					D87C4FDA2C055D2A000933A2 = {
						CreatedOnToolsVersion = 15.4;
					};
				};
			};
			buildConfigurationList = D87C4FD62C055D2A000933A2 /* Build configuration list for PBXProject "RickAndMorty" */;
			compatibilityVersion = "Xcode 14.0";
			developmentRegion = en;
			hasScannedForEncodings = 0;
			knownRegions = (
				en,
				Base,
			);
			mainGroup = D87C4FD22C055D2A000933A2;
			productRefGroup = D87C4FDC2C055D2A000933A2 /* Products */;
			projectDirPath = "";
			projectRoot = "";
			targets = (
				D87C4FDA2C055D2A000933A2 /* RickAndMorty */,
			);
		};
/* End PBXProject section */

/* Begin PBXResourcesBuildPhase section */
		D87C4FD92C055D2A000933A2 /* Resources */ = {
			isa = PBXResourcesBuildPhase;
			buildActionMask = 2147483647;
			files = (
				D87C4FE82C055D2B000933A2 /* Assets.xcassets in Resources */,
				D87C4FEB2C055D2B000933A2 /* Base in Resources */,
			);
			runOnlyForDeploymentPostprocessing = 0;
		};
/* End PBXResourcesBuildPhase section */

/* Begin PBXSourcesBuildPhase section */
		D87C4FD72C055D2A000933A2 /* Sources */ = {
			isa = PBXSourcesBuildPhase;
			buildActionMask = 2147483647;
			files = (
				D87C50032C056482000933A2 /* RMLocationViewController.swift in Sources */,
				D87C4FFE2C05636E000933A2 /* RMEpisode.swift in Sources */,
				D87C4FE32C055D2A000933A2 /* RMTabBarController.swift in Sources */,
				D87C50052C056494000933A2 /* RMEpisodeViewController.swift in Sources */,
				D87C4FDF2C055D2A000933A2 /* AppDelegate.swift in Sources */,
				D87C4FE12C055D2A000933A2 /* SceneDelegate.swift in Sources */,
				D87C50072C0564A4000933A2 /* RMSettingsViewController.swift in Sources */,
				D87C4FFA2C056337000933A2 /* RMLocation.swift in Sources */,
				D87C4FFC2C05635E000933A2 /* RMCharacter.swift in Sources */,
				D87C50012C05645E000933A2 /* RMCharacterViewController.swift in Sources */,
			);
			runOnlyForDeploymentPostprocessing = 0;
		};
/* End PBXSourcesBuildPhase section */

/* Begin PBXVariantGroup section */
		D87C4FE92C055D2B000933A2 /* LaunchScreen.storyboard */ = {
			isa = PBXVariantGroup;
			children = (
				D87C4FEA2C055D2B000933A2 /* Base */,
			);
			name = LaunchScreen.storyboard;
			sourceTree = "<group>";
		};
/* End PBXVariantGroup section */

/* Begin XCBuildConfiguration section */
		D87C4FED2C055D2B000933A2 /* Debug */ = {
			isa = XCBuildConfiguration;
			buildSettings = {
				ALWAYS_SEARCH_USER_PATHS = NO;
				ASSETCATALOG_COMPILER_GENERATE_SWIFT_ASSET_SYMBOL_EXTENSIONS = YES;
				CLANG_ANALYZER_NONNULL = YES;
				CLANG_ANALYZER_NUMBER_OBJECT_CONVERSION = YES_AGGRESSIVE;
				CLANG_CXX_LANGUAGE_STANDARD = "gnu++20";
				CLANG_ENABLE_MODULES = YES;
				CLANG_ENABLE_OBJC_ARC = YES;
				CLANG_ENABLE_OBJC_WEAK = YES;
				CLANG_WARN_BLOCK_CAPTURE_AUTORELEASING = YES;
				CLANG_WARN_BOOL_CONVERSION = YES;
				CLANG_WARN_COMMA = YES;
				CLANG_WARN_CONSTANT_CONVERSION = YES;
				CLANG_WARN_DEPRECATED_OBJC_IMPLEMENTATIONS = YES;
				CLANG_WARN_DIRECT_OBJC_ISA_USAGE = YES_ERROR;
				CLANG_WARN_DOCUMENTATION_COMMENTS = YES;
				CLANG_WARN_EMPTY_BODY = YES;
				CLANG_WARN_ENUM_CONVERSION = YES;
				CLANG_WARN_INFINITE_RECURSION = YES;
				CLANG_WARN_INT_CONVERSION = YES;
				CLANG_WARN_NON_LITERAL_NULL_CONVERSION = YES;
				CLANG_WARN_OBJC_IMPLICIT_RETAIN_SELF = YES;
				CLANG_WARN_OBJC_LITERAL_CONVERSION = YES;
				CLANG_WARN_OBJC_ROOT_CLASS = YES_ERROR;
				CLANG_WARN_QUOTED_INCLUDE_IN_FRAMEWORK_HEADER = YES;
				CLANG_WARN_RANGE_LOOP_ANALYSIS = YES;
				CLANG_WARN_STRICT_PROTOTYPES = YES;
				CLANG_WARN_SUSPICIOUS_MOVE = YES;
				CLANG_WARN_UNGUARDED_AVAILABILITY = YES_AGGRESSIVE;
				CLANG_WARN_UNREACHABLE_CODE = YES;
				CLANG_WARN__DUPLICATE_METHOD_MATCH = YES;
				COPY_PHASE_STRIP = NO;
				DEBUG_INFORMATION_FORMAT = dwarf;
				ENABLE_STRICT_OBJC_MSGSEND = YES;
				ENABLE_TESTABILITY = YES;
				ENABLE_USER_SCRIPT_SANDBOXING = YES;
				GCC_C_LANGUAGE_STANDARD = gnu17;
				GCC_DYNAMIC_NO_PIC = NO;
				GCC_NO_COMMON_BLOCKS = YES;
				GCC_OPTIMIZATION_LEVEL = 0;
				GCC_PREPROCESSOR_DEFINITIONS = (
					"DEBUG=1",
					"$(inherited)",
				);
				GCC_WARN_64_TO_32_BIT_CONVERSION = YES;
				GCC_WARN_ABOUT_RETURN_TYPE = YES_ERROR;
				GCC_WARN_UNDECLARED_SELECTOR = YES;
				GCC_WARN_UNINITIALIZED_AUTOS = YES_AGGRESSIVE;
				GCC_WARN_UNUSED_FUNCTION = YES;
				GCC_WARN_UNUSED_VARIABLE = YES;
				IPHONEOS_DEPLOYMENT_TARGET = 17.5;
				LOCALIZATION_PREFERS_STRING_CATALOGS = YES;
				MTL_ENABLE_DEBUG_INFO = INCLUDE_SOURCE;
				MTL_FAST_MATH = YES;
				ONLY_ACTIVE_ARCH = YES;
				SDKROOT = iphoneos;
				SWIFT_ACTIVE_COMPILATION_CONDITIONS = "DEBUG $(inherited)";
				SWIFT_OPTIMIZATION_LEVEL = "-Onone";
			};
			name = Debug;
		};
		D87C4FEE2C055D2B000933A2 /* Release */ = {
			isa = XCBuildConfiguration;
			buildSettings = {
				ALWAYS_SEARCH_USER_PATHS = NO;
				ASSETCATALOG_COMPILER_GENERATE_SWIFT_ASSET_SYMBOL_EXTENSIONS = YES;
				CLANG_ANALYZER_NONNULL = YES;
				CLANG_ANALYZER_NUMBER_OBJECT_CONVERSION = YES_AGGRESSIVE;
				CLANG_CXX_LANGUAGE_STANDARD = "gnu++20";
				CLANG_ENABLE_MODULES = YES;
				CLANG_ENABLE_OBJC_ARC = YES;
				CLANG_ENABLE_OBJC_WEAK = YES;
				CLANG_WARN_BLOCK_CAPTURE_AUTORELEASING = YES;
				CLANG_WARN_BOOL_CONVERSION = YES;
				CLANG_WARN_COMMA = YES;
				CLANG_WARN_CONSTANT_CONVERSION = YES;
				CLANG_WARN_DEPRECATED_OBJC_IMPLEMENTATIONS = YES;
				CLANG_WARN_DIRECT_OBJC_ISA_USAGE = YES_ERROR;
				CLANG_WARN_DOCUMENTATION_COMMENTS = YES;
				CLANG_WARN_EMPTY_BODY = YES;
				CLANG_WARN_ENUM_CONVERSION = YES;
				CLANG_WARN_INFINITE_RECURSION = YES;
				CLANG_WARN_INT_CONVERSION = YES;
				CLANG_WARN_NON_LITERAL_NULL_CONVERSION = YES;
				CLANG_WARN_OBJC_IMPLICIT_RETAIN_SELF = YES;
				CLANG_WARN_OBJC_LITERAL_CONVERSION = YES;
				CLANG_WARN_OBJC_ROOT_CLASS = YES_ERROR;
				CLANG_WARN_QUOTED_INCLUDE_IN_FRAMEWORK_HEADER = YES;
				CLANG_WARN_RANGE_LOOP_ANALYSIS = YES;
				CLANG_WARN_STRICT_PROTOTYPES = YES;
				CLANG_WARN_SUSPICIOUS_MOVE = YES;
				CLANG_WARN_UNGUARDED_AVAILABILITY = YES_AGGRESSIVE;
				CLANG_WARN_UNREACHABLE_CODE = YES;
				CLANG_WARN__DUPLICATE_METHOD_MATCH = YES;
				COPY_PHASE_STRIP = NO;
				DEBUG_INFORMATION_FORMAT = "dwarf-with-dsym";
				ENABLE_NS_ASSERTIONS = NO;
				ENABLE_STRICT_OBJC_MSGSEND = YES;
				ENABLE_USER_SCRIPT_SANDBOXING = YES;
				GCC_C_LANGUAGE_STANDARD = gnu17;
				GCC_NO_COMMON_BLOCKS = YES;
				GCC_WARN_64_TO_32_BIT_CONVERSION = YES;
				GCC_WARN_ABOUT_RETURN_TYPE = YES_ERROR;
				GCC_WARN_UNDECLARED_SELECTOR = YES;
				GCC_WARN_UNINITIALIZED_AUTOS = YES_AGGRESSIVE;
				GCC_WARN_UNUSED_FUNCTION = YES;
				GCC_WARN_UNUSED_VARIABLE = YES;
				IPHONEOS_DEPLOYMENT_TARGET = 17.5;
				LOCALIZATION_PREFERS_STRING_CATALOGS = YES;
				MTL_ENABLE_DEBUG_INFO = NO;
				MTL_FAST_MATH = YES;
				SDKROOT = iphoneos;
				SWIFT_COMPILATION_MODE = wholemodule;
				VALIDATE_PRODUCT = YES;
			};
			name = Release;
		};
		D87C4FF02C055D2B000933A2 /* Debug */ = {
			isa = XCBuildConfiguration;
			buildSettings = {
				ASSETCATALOG_COMPILER_APPICON_NAME = AppIcon;
				ASSETCATALOG_COMPILER_GLOBAL_ACCENT_COLOR_NAME = AccentColor;
				CODE_SIGN_STYLE = Automatic;
				CURRENT_PROJECT_VERSION = 1;
				GENERATE_INFOPLIST_FILE = YES;
				INFOPLIST_FILE = RickAndMorty/Info.plist;
				INFOPLIST_KEY_UIApplicationSupportsIndirectInputEvents = YES;
				INFOPLIST_KEY_UILaunchStoryboardName = LaunchScreen;
				INFOPLIST_KEY_UISupportedInterfaceOrientations_iPad = "UIInterfaceOrientationPortrait UIInterfaceOrientationPortraitUpsideDown UIInterfaceOrientationLandscapeLeft UIInterfaceOrientationLandscapeRight";
				INFOPLIST_KEY_UISupportedInterfaceOrientations_iPhone = "UIInterfaceOrientationPortrait UIInterfaceOrientationLandscapeLeft UIInterfaceOrientationLandscapeRight";
				LD_RUNPATH_SEARCH_PATHS = (
					"$(inherited)",
					"@executable_path/Frameworks",
				);
				MARKETING_VERSION = 1.0;
				PRODUCT_BUNDLE_IDENTIFIER = com.vivaswanth.RickAndMorty;
				PRODUCT_NAME = "$(TARGET_NAME)";
				SWIFT_EMIT_LOC_STRINGS = YES;
				SWIFT_VERSION = 5.0;
				TARGETED_DEVICE_FAMILY = "1,2";
			};
			name = Debug;
		};
		D87C4FF12C055D2B000933A2 /* Release */ = {
			isa = XCBuildConfiguration;
			buildSettings = {
				ASSETCATALOG_COMPILER_APPICON_NAME = AppIcon;
				ASSETCATALOG_COMPILER_GLOBAL_ACCENT_COLOR_NAME = AccentColor;
				CODE_SIGN_STYLE = Automatic;
				CURRENT_PROJECT_VERSION = 1;
				GENERATE_INFOPLIST_FILE = YES;
				INFOPLIST_FILE = RickAndMorty/Info.plist;
				INFOPLIST_KEY_UIApplicationSupportsIndirectInputEvents = YES;
				INFOPLIST_KEY_UILaunchStoryboardName = LaunchScreen;
				INFOPLIST_KEY_UISupportedInterfaceOrientations_iPad = "UIInterfaceOrientationPortrait UIInterfaceOrientationPortraitUpsideDown UIInterfaceOrientationLandscapeLeft UIInterfaceOrientationLandscapeRight";
				INFOPLIST_KEY_UISupportedInterfaceOrientations_iPhone = "UIInterfaceOrientationPortrait UIInterfaceOrientationLandscapeLeft UIInterfaceOrientationLandscapeRight";
				LD_RUNPATH_SEARCH_PATHS = (
					"$(inherited)",
					"@executable_path/Frameworks",
				);
				MARKETING_VERSION = 1.0;
				PRODUCT_BUNDLE_IDENTIFIER = com.vivaswanth.RickAndMorty;
				PRODUCT_NAME = "$(TARGET_NAME)";
				SWIFT_EMIT_LOC_STRINGS = YES;
				SWIFT_VERSION = 5.0;
				TARGETED_DEVICE_FAMILY = "1,2";
			};
			name = Release;
		};
/* End XCBuildConfiguration section */

/* Begin XCConfigurationList section */
		D87C4FD62C055D2A000933A2 /* Build configuration list for PBXProject "RickAndMorty" */ = {
			isa = XCConfigurationList;
			buildConfigurations = (
				D87C4FED2C055D2B000933A2 /* Debug */,
				D87C4FEE2C055D2B000933A2 /* Release */,
			);
			defaultConfigurationIsVisible = 0;
			defaultConfigurationName = Release;
		};
		D87C4FEF2C055D2B000933A2 /* Build configuration list for PBXNativeTarget "RickAndMorty" */ = {
			isa = XCConfigurationList;
			buildConfigurations = (
				D87C4FF02C055D2B000933A2 /* Debug */,
				D87C4FF12C055D2B000933A2 /* Release */,
			);
			defaultConfigurationIsVisible = 0;
			defaultConfigurationName = Release;
		};
/* End XCConfigurationList section */
	};
	rootObject = D87C4FD32C055D2A000933A2 /* Project object */;
}
